
Microsoft Visual Studio Solution File, Format Version 12.00
# Visual Studio Version 17
VisualStudioVersion = 17.5.33424.131
MinimumVisualStudioVersion = 10.0.40219.1
Project("{9A19103F-16F7-4668-BE54-9A1E7A4F7556}") = "pdf_birleştir3", "pdf_birleştir3\pdf_birleştir3.csproj", "{21A08290-70C8-4BA0-A5F7-38E73CBA9BA7}"
EndProject
Global
	GlobalSection(SolutionConfigurationPlatforms) = preSolution
		All|Any CPU = All|Any CPU
		Debug|Any CPU = Debug|Any CPU
		Release|Any CPU = Release|Any CPU
	EndGlobalSection
	GlobalSection(ProjectConfigurationPlatforms) = postSolution
		{21A08290-70C8-4BA0-A5F7-38E73CBA9BA7}.All|Any CPU.ActiveCfg = Release|Any CPU
		{21A08290-70C8-4BA0-A5F7-38E73CBA9BA7}.All|Any CPU.Build.0 = Release|Any CPU
		{21A08290-70C8-4BA0-A5F7-38E73CBA9BA7}.Debug|Any CPU.ActiveCfg = Debug|Any CPU
		{21A08290-70C8-4BA0-A5F7-38E73CBA9BA7}.Debug|Any CPU.Build.0 = Debug|Any CPU
		{21A08290-70C8-4BA0-A5F7-38E73CBA9BA7}.Release|Any CPU.ActiveCfg = Release|Any CPU
		{21A08290-70C8-4BA0-A5F7-38E73CBA9BA7}.Release|Any CPU.Build.0 = Release|Any CPU
	EndGlobalSection
	GlobalSection(SolutionProperties) = preSolution
		HideSolutionNode = FALSE
	EndGlobalSection
	GlobalSection(ExtensibilityGlobals) = postSolution
		SolutionGuid = {1CFE6BC7-3376-43FA-BDA9-18306585C54B}
	EndGlobalSection
EndGlobal
